
Microsoft Visual Studio Solution File, Format Version 12.00
# Visual Studio Version 17
VisualStudioVersion = 17.14.36127.28 d17.14
MinimumVisualStudioVersion = 10.0.40219.1
Project("{FAE04EC0-301F-11D3-BF4B-00C04F79EFBC}") = "TestAPI", "TestAPI\TestAPI.csproj", "{DF935756-6F18-4714-8772-664457BB10C5}"
EndProject
Global
	GlobalSection(SolutionConfigurationPlatforms) = preSolution
		Debug|Any CPU = Debug|Any CPU
		Release|Any CPU = Release|Any CPU
	EndGlobalSection
	GlobalSection(ProjectConfigurationPlatforms) = postSolution
		{DF935756-6F18-4714-8772-664457BB10C5}.Debug|Any CPU.ActiveCfg = Debug|Any CPU
		{DF935756-6F18-4714-8772-664457BB10C5}.Debug|Any CPU.Build.0 = Debug|Any CPU
		{DF935756-6F18-4714-8772-664457BB10C5}.Release|Any CPU.ActiveCfg = Release|Any CPU
		{DF935756-6F18-4714-8772-664457BB10C5}.Release|Any CPU.Build.0 = Release|Any CPU
	EndGlobalSection
	GlobalSection(SolutionProperties) = preSolution
		HideSolutionNode = FALSE
	EndGlobalSection
	GlobalSection(ExtensibilityGlobals) = postSolution
		SolutionGuid = {F43A02C2-6881-4701-B266-B3C750F07668}
	EndGlobalSection
EndGlobal
